
Microsoft Visual Studio Solution File, Format Version 12.00
# Visual Studio Version 17
VisualStudioVersion = 17.14.36121.58
MinimumVisualStudioVersion = 10.0.40219.1
Project("{2150E333-8FDC-42A3-9474-1A3956D46DE8}") = "Services", "Services", "{02EA681E-C7D8-13C7-8484-4AC65E1B71E8}"
EndProject
Project("{2150E333-8FDC-42A3-9474-1A3956D46DE8}") = "Catalog", "Catalog", "{A3AA83D6-FECF-433F-B18B-6B7BB6776528}"
EndProject
Project("{FAE04EC0-301F-11D3-BF4B-00C04F79EFBC}") = "Catalog.API", "Catalog.API\Catalog.API.csproj", "{2983855A-7282-4E6A-87B7-D0AF89075194}"
EndProject
Project("{2150E333-8FDC-42A3-9474-1A3956D46DE8}") = "BuildingBlocks", "BuildingBlocks", "{3FF583EA-5F4F-4649-B48F-D296FC86CCA2}"
EndProject
Project("{FAE04EC0-301F-11D3-BF4B-00C04F79EFBC}") = "BuildingBlocks", "BuildingBlocks\BuildingBlocks\BuildingBlocks.csproj", "{F48FCBCC-AC6E-4E31-83CE-8810ACCA0E5F}"
EndProject
Project("{E53339B2-1760-4266-BCC7-CA923CBCF16C}") = "docker-compose", "docker-compose.dcproj", "{81DDED9D-158B-E303-5F62-77A2896D2A5A}"
EndProject
Project("{2150E333-8FDC-42A3-9474-1A3956D46DE8}") = "Basket", "Basket", "{DDC06F74-B0AB-449C-8F51-3967C8B9ACAA}"
EndProject
Project("{FAE04EC0-301F-11D3-BF4B-00C04F79EFBC}") = "Basket.API", "Services\Basket\Basket.API\Basket.API.csproj", "{4DA0333F-FE37-4E66-99F1-53689C72DE1D}"
EndProject
Project("{2150E333-8FDC-42A3-9474-1A3956D46DE8}") = "Discount", "Discount", "{1D020731-B343-4646-84F9-6144FDD3165E}"
EndProject
Project("{FAE04EC0-301F-11D3-BF4B-00C04F79EFBC}") = "Discount.Grpc", "Services\Discount\Discount.Grpc\Discount.Grpc.csproj", "{45767079-3A46-4682-8D47-335B7749C495}"
EndProject
Project("{2150E333-8FDC-42A3-9474-1A3956D46DE8}") = "Ordering", "Ordering", "{4921DE65-3C5B-43E8-A891-9D482B8982D5}"
EndProject
Project("{FAE04EC0-301F-11D3-BF4B-00C04F79EFBC}") = "Ordering.API", "Services\Ordering\Ordering.API\Ordering.API.csproj", "{7636E806-5317-4C01-8CC4-97D638A6F0B2}"
EndProject
Project("{FAE04EC0-301F-11D3-BF4B-00C04F79EFBC}") = "Ordering.Domain", "Services\Ordering\Ordering.Domain\Ordering.Domain.csproj", "{ED6EFE1A-54F0-4958-8806-FC89C0AA6327}"
EndProject
Project("{FAE04EC0-301F-11D3-BF4B-00C04F79EFBC}") = "Ordering.Application", "Services\Ordering\Ordering.Application\Ordering.Application.csproj", "{E858C4AB-CF76-4FF8-AB17-12D3666498BF}"
EndProject
Project("{FAE04EC0-301F-11D3-BF4B-00C04F79EFBC}") = "Ordering.Infrastructure", "Services\Ordering\Ordering.Infrastructure\Ordering.Infrastructure.csproj", "{5E87970F-6544-4307-95DD-A3D385CADC60}"
EndProject
Project("{FAE04EC0-301F-11D3-BF4B-00C04F79EFBC}") = "BuildingBlocks.Messaging", "BuildingBlocks\BuildingBlocks.Messaging\BuildingBlocks.Messaging.csproj", "{EA7F963B-456F-417C-ADB1-13F8E889961E}"
EndProject
Project("{2150E333-8FDC-42A3-9474-1A3956D46DE8}") = "ApiGateways", "ApiGateways", "{35B5E131-C837-43F5-8745-248A2A4C0ABD}"
EndProject
Project("{FAE04EC0-301F-11D3-BF4B-00C04F79EFBC}") = "YarpApiGateway", "ApiGateways\YarpApiGateway\YarpApiGateway.csproj", "{4F1B484F-86D8-4AE2-9E06-4E0FD64089C6}"
EndProject
Project("{2150E333-8FDC-42A3-9474-1A3956D46DE8}") = "WebApps", "WebApps", "{D17BF6C2-DB5B-44F0-A04D-B955059093A3}"
EndProject
Project("{FAE04EC0-301F-11D3-BF4B-00C04F79EFBC}") = "Shopping.Web", "WebApps\Shopping.Web\Shopping.Web.csproj", "{150E9155-17A9-4A06-9DD5-DA77EBD88D84}"
EndProject
Project("{FAE04EC0-301F-11D3-BF4B-00C04F79EFBC}") = "HealthDeck.Web", "WebApps\HealthDeck.Web\HealthDeck.Web.csproj", "{CC18BE1C-93BD-4E36-AD7B-B532FE6FA54B}"
EndProject
Global
	GlobalSection(SolutionConfigurationPlatforms) = preSolution
		Debug|Any CPU = Debug|Any CPU
		Release|Any CPU = Release|Any CPU
	EndGlobalSection
	GlobalSection(ProjectConfigurationPlatforms) = postSolution
		{2983855A-7282-4E6A-87B7-D0AF89075194}.Debug|Any CPU.ActiveCfg = Debug|Any CPU
		{2983855A-7282-4E6A-87B7-D0AF89075194}.Debug|Any CPU.Build.0 = Debug|Any CPU
		{2983855A-7282-4E6A-87B7-D0AF89075194}.Release|Any CPU.ActiveCfg = Release|Any CPU
		{2983855A-7282-4E6A-87B7-D0AF89075194}.Release|Any CPU.Build.0 = Release|Any CPU
		{F48FCBCC-AC6E-4E31-83CE-8810ACCA0E5F}.Debug|Any CPU.ActiveCfg = Debug|Any CPU
		{F48FCBCC-AC6E-4E31-83CE-8810ACCA0E5F}.Debug|Any CPU.Build.0 = Debug|Any CPU
		{F48FCBCC-AC6E-4E31-83CE-8810ACCA0E5F}.Release|Any CPU.ActiveCfg = Release|Any CPU
		{F48FCBCC-AC6E-4E31-83CE-8810ACCA0E5F}.Release|Any CPU.Build.0 = Release|Any CPU
		{81DDED9D-158B-E303-5F62-77A2896D2A5A}.Debug|Any CPU.ActiveCfg = Debug|Any CPU
		{81DDED9D-158B-E303-5F62-77A2896D2A5A}.Debug|Any CPU.Build.0 = Debug|Any CPU
		{81DDED9D-158B-E303-5F62-77A2896D2A5A}.Release|Any CPU.ActiveCfg = Release|Any CPU
		{81DDED9D-158B-E303-5F62-77A2896D2A5A}.Release|Any CPU.Build.0 = Release|Any CPU
		{4DA0333F-FE37-4E66-99F1-53689C72DE1D}.Debug|Any CPU.ActiveCfg = Debug|Any CPU
		{4DA0333F-FE37-4E66-99F1-53689C72DE1D}.Debug|Any CPU.Build.0 = Debug|Any CPU
		{4DA0333F-FE37-4E66-99F1-53689C72DE1D}.Release|Any CPU.ActiveCfg = Release|Any CPU
		{4DA0333F-FE37-4E66-99F1-53689C72DE1D}.Release|Any CPU.Build.0 = Release|Any CPU
		{45767079-3A46-4682-8D47-335B7749C495}.Debug|Any CPU.ActiveCfg = Debug|Any CPU
		{45767079-3A46-4682-8D47-335B7749C495}.Debug|Any CPU.Build.0 = Debug|Any CPU
		{45767079-3A46-4682-8D47-335B7749C495}.Release|Any CPU.ActiveCfg = Release|Any CPU
		{45767079-3A46-4682-8D47-335B7749C495}.Release|Any CPU.Build.0 = Release|Any CPU
		{7636E806-5317-4C01-8CC4-97D638A6F0B2}.Debug|Any CPU.ActiveCfg = Debug|Any CPU
		{7636E806-5317-4C01-8CC4-97D638A6F0B2}.Debug|Any CPU.Build.0 = Debug|Any CPU
		{7636E806-5317-4C01-8CC4-97D638A6F0B2}.Release|Any CPU.ActiveCfg = Release|Any CPU
		{7636E806-5317-4C01-8CC4-97D638A6F0B2}.Release|Any CPU.Build.0 = Release|Any CPU
		{ED6EFE1A-54F0-4958-8806-FC89C0AA6327}.Debug|Any CPU.ActiveCfg = Debug|Any CPU
		{ED6EFE1A-54F0-4958-8806-FC89C0AA6327}.Debug|Any CPU.Build.0 = Debug|Any CPU
		{ED6EFE1A-54F0-4958-8806-FC89C0AA6327}.Release|Any CPU.ActiveCfg = Release|Any CPU
		{ED6EFE1A-54F0-4958-8806-FC89C0AA6327}.Release|Any CPU.Build.0 = Release|Any CPU
		{E858C4AB-CF76-4FF8-AB17-12D3666498BF}.Debug|Any CPU.ActiveCfg = Debug|Any CPU
		{E858C4AB-CF76-4FF8-AB17-12D3666498BF}.Debug|Any CPU.Build.0 = Debug|Any CPU
		{E858C4AB-CF76-4FF8-AB17-12D3666498BF}.Release|Any CPU.ActiveCfg = Release|Any CPU
		{E858C4AB-CF76-4FF8-AB17-12D3666498BF}.Release|Any CPU.Build.0 = Release|Any CPU
		{5E87970F-6544-4307-95DD-A3D385CADC60}.Debug|Any CPU.ActiveCfg = Debug|Any CPU
		{5E87970F-6544-4307-95DD-A3D385CADC60}.Debug|Any CPU.Build.0 = Debug|Any CPU
		{5E87970F-6544-4307-95DD-A3D385CADC60}.Release|Any CPU.ActiveCfg = Release|Any CPU
		{5E87970F-6544-4307-95DD-A3D385CADC60}.Release|Any CPU.Build.0 = Release|Any CPU
		{EA7F963B-456F-417C-ADB1-13F8E889961E}.Debug|Any CPU.ActiveCfg = Debug|Any CPU
		{EA7F963B-456F-417C-ADB1-13F8E889961E}.Debug|Any CPU.Build.0 = Debug|Any CPU
		{EA7F963B-456F-417C-ADB1-13F8E889961E}.Release|Any CPU.ActiveCfg = Release|Any CPU
		{EA7F963B-456F-417C-ADB1-13F8E889961E}.Release|Any CPU.Build.0 = Release|Any CPU
		{4F1B484F-86D8-4AE2-9E06-4E0FD64089C6}.Debug|Any CPU.ActiveCfg = Debug|Any CPU
		{4F1B484F-86D8-4AE2-9E06-4E0FD64089C6}.Debug|Any CPU.Build.0 = Debug|Any CPU
		{4F1B484F-86D8-4AE2-9E06-4E0FD64089C6}.Release|Any CPU.ActiveCfg = Release|Any CPU
		{4F1B484F-86D8-4AE2-9E06-4E0FD64089C6}.Release|Any CPU.Build.0 = Release|Any CPU
		{150E9155-17A9-4A06-9DD5-DA77EBD88D84}.Debug|Any CPU.ActiveCfg = Debug|Any CPU
		{150E9155-17A9-4A06-9DD5-DA77EBD88D84}.Debug|Any CPU.Build.0 = Debug|Any CPU
		{150E9155-17A9-4A06-9DD5-DA77EBD88D84}.Release|Any CPU.ActiveCfg = Release|Any CPU
		{150E9155-17A9-4A06-9DD5-DA77EBD88D84}.Release|Any CPU.Build.0 = Release|Any CPU
		{CC18BE1C-93BD-4E36-AD7B-B532FE6FA54B}.Debug|Any CPU.ActiveCfg = Debug|Any CPU
		{CC18BE1C-93BD-4E36-AD7B-B532FE6FA54B}.Debug|Any CPU.Build.0 = Debug|Any CPU
		{CC18BE1C-93BD-4E36-AD7B-B532FE6FA54B}.Release|Any CPU.ActiveCfg = Release|Any CPU
		{CC18BE1C-93BD-4E36-AD7B-B532FE6FA54B}.Release|Any CPU.Build.0 = Release|Any CPU
	EndGlobalSection
	GlobalSection(SolutionProperties) = preSolution
		HideSolutionNode = FALSE
	EndGlobalSection
	GlobalSection(NestedProjects) = preSolution
		{A3AA83D6-FECF-433F-B18B-6B7BB6776528} = {02EA681E-C7D8-13C7-8484-4AC65E1B71E8}
		{2983855A-7282-4E6A-87B7-D0AF89075194} = {A3AA83D6-FECF-433F-B18B-6B7BB6776528}
		{F48FCBCC-AC6E-4E31-83CE-8810ACCA0E5F} = {3FF583EA-5F4F-4649-B48F-D296FC86CCA2}
		{DDC06F74-B0AB-449C-8F51-3967C8B9ACAA} = {02EA681E-C7D8-13C7-8484-4AC65E1B71E8}
		{4DA0333F-FE37-4E66-99F1-53689C72DE1D} = {DDC06F74-B0AB-449C-8F51-3967C8B9ACAA}
		{1D020731-B343-4646-84F9-6144FDD3165E} = {02EA681E-C7D8-13C7-8484-4AC65E1B71E8}
		{45767079-3A46-4682-8D47-335B7749C495} = {1D020731-B343-4646-84F9-6144FDD3165E}
		{4921DE65-3C5B-43E8-A891-9D482B8982D5} = {02EA681E-C7D8-13C7-8484-4AC65E1B71E8}
		{7636E806-5317-4C01-8CC4-97D638A6F0B2} = {4921DE65-3C5B-43E8-A891-9D482B8982D5}
		{ED6EFE1A-54F0-4958-8806-FC89C0AA6327} = {4921DE65-3C5B-43E8-A891-9D482B8982D5}
		{E858C4AB-CF76-4FF8-AB17-12D3666498BF} = {4921DE65-3C5B-43E8-A891-9D482B8982D5}
		{5E87970F-6544-4307-95DD-A3D385CADC60} = {4921DE65-3C5B-43E8-A891-9D482B8982D5}
		{EA7F963B-456F-417C-ADB1-13F8E889961E} = {3FF583EA-5F4F-4649-B48F-D296FC86CCA2}
		{4F1B484F-86D8-4AE2-9E06-4E0FD64089C6} = {35B5E131-C837-43F5-8745-248A2A4C0ABD}
		{150E9155-17A9-4A06-9DD5-DA77EBD88D84} = {D17BF6C2-DB5B-44F0-A04D-B955059093A3}
		{CC18BE1C-93BD-4E36-AD7B-B532FE6FA54B} = {D17BF6C2-DB5B-44F0-A04D-B955059093A3}
	EndGlobalSection
	GlobalSection(ExtensibilityGlobals) = postSolution
		SolutionGuid = {459FC2D2-6029-4109-9B82-012C3B07C215}
	EndGlobalSection
EndGlobal
